
Microsoft Visual Studio Solution File, Format Version 12.00
# Visual Studio 15
VisualStudioVersion = 15.0.27703.2000
MinimumVisualStudioVersion = 10.0.40219.1
Project("{FAE04EC0-301F-11D3-BF4B-00C04F79EFBC}") = "capstone7_product_api", "capstone7_product_api\capstone7_product_api.csproj", "{49355B97-B896-446E-AFCD-6FCCEED26111}"
EndProject
Global
	GlobalSection(SolutionConfigurationPlatforms) = preSolution
		Debug|Any CPU = Debug|Any CPU
		Release|Any CPU = Release|Any CPU
	EndGlobalSection
	GlobalSection(ProjectConfigurationPlatforms) = postSolution
		{49355B97-B896-446E-AFCD-6FCCEED26111}.Debug|Any CPU.ActiveCfg = Debug|Any CPU
		{49355B97-B896-446E-AFCD-6FCCEED26111}.Debug|Any CPU.Build.0 = Debug|Any CPU
		{49355B97-B896-446E-AFCD-6FCCEED26111}.Release|Any CPU.ActiveCfg = Release|Any CPU
		{49355B97-B896-446E-AFCD-6FCCEED26111}.Release|Any CPU.Build.0 = Release|Any CPU
	EndGlobalSection
	GlobalSection(SolutionProperties) = preSolution
		HideSolutionNode = FALSE
	EndGlobalSection
	GlobalSection(ExtensibilityGlobals) = postSolution
		SolutionGuid = {FF9EFF2B-44C9-4ECF-B69C-328749BAB6C2}
	EndGlobalSection
EndGlobal
